<?xml version="1.0" encoding="UTF-8" standalone="yes" ?>
<CodeBlocks_project_file>
	<FileVersion major="1" minor="6" />
	<Project>
		<Option title="bayesx" />
		<Option makefile="makefile" />
		<Option pch_mode="2" />
		<Option compiler="gcc" />
		<Build>
			<Target title="Debug">
				<Option output="bin/Debug/bayesx" prefix_auto="1" extension_auto="1" />
				<Option object_output="obj/Debug/" />
				<Option type="1" />
				<Option compiler="gcc" />
				<Compiler>
					<Add option="-g" />
				</Compiler>
			</Target>
			<Target title="Release">
				<Option output="bin/Release/bayesx" prefix_auto="1" extension_auto="1" />
				<Option object_output="obj/Release/" />
				<Option type="1" />
				<Option compiler="gcc" />
				<Compiler>
					<Add option="-O2" />
				</Compiler>
				<Linker>
					<Add option="-s" />
				</Linker>
			</Target>
		</Build>
		<Compiler>
			<Add option="-O3" />
			<Add option="-w" />
			<Add option="-fexceptions -D__BUILDING_GNU -DTEMPL_INCL_DEF -D_MSC_VER2 -DNO_TEMPLATE_FRIENDS -DINCLUDE_REML -DINCLUDE_MCMC" />
			<Add directory="adaptiv" />
			<Add directory="alex" />
			<Add directory="andrea" />
			<Add directory="bib" />
			<Add directory="graph" />
			<Add directory="leyre" />
			<Add directory="mcmc" />
			<Add directory="psplines" />
			<Add directory="samson" />
			<Add directory="dag" />
			<Add directory="structadd" />
		</Compiler>
		<Unit filename="adaptiv/fullcond_adaptiv.cpp" />
		<Unit filename="adaptiv/fullcond_adaptiv.h" />
		<Unit filename="alex/mixture.cpp" />
		<Unit filename="alex/mixture.h" />
		<Unit filename="andrea/IWLS_baseline.cpp" />
		<Unit filename="andrea/IWLS_baseline.h" />
		<Unit filename="andrea/baseline.cpp" />
		<Unit filename="andrea/baseline.h" />
		<Unit filename="andrea/cox.cpp" />
		<Unit filename="andrea/cox.h" />
		<Unit filename="andrea/multibaseline.cpp" />
		<Unit filename="andrea/multibaseline.h" />
		<Unit filename="andrea/multistate.cpp" />
		<Unit filename="andrea/multistate.h" />
		<Unit filename="bib/Random.cpp" />
		<Unit filename="bib/Random.h" />
		<Unit filename="bib/adminparse_gnu.cpp" />
		<Unit filename="bib/adminparse_gnu.h" />
		<Unit filename="bib/bandmat.cpp" />
		<Unit filename="bib/bandmat.h" />
		<Unit filename="bib/bandmat_penalty.cpp" />
		<Unit filename="bib/bandmat_penalty.h" />
		<Unit filename="bib/bayesreg.cpp" />
		<Unit filename="bib/bayesreg.h" />
		<Unit filename="bib/bayesreg2.cpp" />
		<Unit filename="bib/bayesreg2.h" />
		<Unit filename="bib/bayesreg3.cpp" />
		<Unit filename="bib/bayesreg3.h" />
		<Unit filename="bib/clstring.cpp" />
		<Unit filename="bib/clstring.h" />
		<Unit filename="bib/command.cpp" />
		<Unit filename="bib/command.h" />
		<Unit filename="bib/data.cpp" />
		<Unit filename="bib/data.h" />
		<Unit filename="bib/dataobj.cpp" />
		<Unit filename="bib/dataobj.h" />
		<Unit filename="bib/envmatrix.cpp" />
		<Unit filename="bib/envmatrix.h" />
		<Unit filename="bib/envmatrix_penalty.cpp" />
		<Unit filename="bib/envmatrix_penalty.h" />
		<Unit filename="bib/graph.cpp" />
		<Unit filename="bib/graph.h" />
		<Unit filename="bib/map.cpp" />
		<Unit filename="bib/map.h" />
		<Unit filename="bib/mapobject.cpp" />
		<Unit filename="bib/mapobject.h" />
		<Unit filename="bib/model.cpp" />
		<Unit filename="bib/model.h" />
		<Unit filename="bib/model_remlreg.cpp" />
		<Unit filename="bib/model_remlreg.h" />
		<Unit filename="bib/model_stepwise.cpp" />
		<Unit filename="bib/model_stepwise.h" />
		<Unit filename="bib/option.cpp" />
		<Unit filename="bib/option.h" />
		<Unit filename="bib/realobs.cpp" />
		<Unit filename="bib/realobs.h" />
		<Unit filename="bib/realvar.cpp" />
		<Unit filename="bib/realvar.h" />
		<Unit filename="bib/remlreg.cpp" />
		<Unit filename="bib/remlreg.h" />
		<Unit filename="bib/sparsemat.cpp" />
		<Unit filename="bib/sparsemat.h" />
		<Unit filename="bib/statmat.cpp" />
		<Unit filename="bib/statmat.h" />
		<Unit filename="bib/statmat_penalty.cpp" />
		<Unit filename="bib/statmat_penalty.h" />
		<Unit filename="bib/statobj.cpp" />
		<Unit filename="bib/statobj.h" />
		<Unit filename="bib/stepwisereg.cpp" />
		<Unit filename="bib/stepwisereg.h" />
		<Unit filename="bib/use.cpp" />
		<Unit filename="bib/use.h" />
		<Unit filename="bib/vectorn.cpp" />
		<Unit filename="bib/vectorn.h" />
		<Unit filename="dag/adjacency.cpp" />
		<Unit filename="dag/adjacency.h" />
		<Unit filename="dag/dagobject.cpp" />
		<Unit filename="dag/dagobject.h" />
		<Unit filename="dag/fullcond_dag.cpp" />
		<Unit filename="dag/fullcond_dag.h" />
		<Unit filename="dag/fullcond_dag_d.cpp" />
		<Unit filename="dag/fullcond_dag_d.h" />
		<Unit filename="dag/fullcond_dag_ia.cpp" />
		<Unit filename="dag/fullcond_dag_ia.h" />
		<Unit filename="dag/fullcond_dag_ia_mixed.cpp" />
		<Unit filename="dag/fullcond_dag_ia_mixed.h" />
		<Unit filename="dag/fullcond_rj.cpp" />
		<Unit filename="dag/fullcond_rj.h" />
		<Unit filename="dag/fullcond_rj_int.cpp" />
		<Unit filename="dag/fullcond_rj_int.h" />
		<Unit filename="dag/fullcond_rj_mix.cpp" />
		<Unit filename="dag/fullcond_rj_mix.h" />
		<Unit filename="dag/func_dag.cpp" />
		<Unit filename="dag/func_dag.h" />
		<Unit filename="dag/ia.cpp" />
		<Unit filename="dag/ia.h" />
		<Unit filename="dag/ia_mixed.cpp" />
		<Unit filename="dag/ia_mixed.h" />
		<Unit filename="graph/graphobj.cpp" />
		<Unit filename="graph/graphobj.h" />
		<Unit filename="leyre/nbinomial.cpp" />
		<Unit filename="leyre/nbinomial.h" />
		<Unit filename="leyre/zip.cpp" />
		<Unit filename="leyre/zip.h" />
		<Unit filename="main.cpp" />
		<Unit filename="mcmc/baseline_reml.cpp" />
		<Unit filename="mcmc/baseline_reml.h" />
		<Unit filename="mcmc/distribution.cpp" />
		<Unit filename="mcmc/distribution.h" />
		<Unit filename="mcmc/fullcond.cpp" />
		<Unit filename="mcmc/fullcond.h" />
		<Unit filename="mcmc/fullcond_merror.cpp" />
		<Unit filename="mcmc/fullcond_merror.h" />
		<Unit filename="mcmc/fullcond_mult.cpp" />
		<Unit filename="mcmc/fullcond_mult.h" />
		<Unit filename="mcmc/fullcond_nonp_gaussian.cpp" />
		<Unit filename="mcmc/fullcond_nonp_gaussian.h" />
		<Unit filename="mcmc/fullcond_nonp_gaussian_stepwise.cpp" />
		<Unit filename="mcmc/fullcond_nonp_gaussian_stepwise.h" />
		<Unit filename="mcmc/gaussian_heteroskedastic.cpp" />
		<Unit filename="mcmc/gaussian_heteroskedastic.h" />
		<Unit filename="mcmc/hrandom.cpp" />
		<Unit filename="mcmc/hrandom.h" />
		<Unit filename="mcmc/kriging.cpp" />
		<Unit filename="mcmc/kriging.h" />
		<Unit filename="mcmc/kriging2.cpp" />
		<Unit filename="mcmc/kriging2.h" />
		<Unit filename="mcmc/mcmc.cpp" />
		<Unit filename="mcmc/mcmc.h" />
		<Unit filename="mcmc/mcmc_const.cpp" />
		<Unit filename="mcmc/mcmc_const.h" />
		<Unit filename="mcmc/mcmc_const_stepwise.cpp" />
		<Unit filename="mcmc/mcmc_const_stepwise.h" />
		<Unit filename="mcmc/mcmc_nonp.cpp" />
		<Unit filename="mcmc/mcmc_nonp.h" />
		<Unit filename="mcmc/mcmc_nonpbasis.cpp" />
		<Unit filename="mcmc/mcmc_nonpbasis.h" />
		<Unit filename="mcmc/mcmcsimul.cpp" />
		<Unit filename="mcmc/mcmcsimul.h" />
		<Unit filename="mcmc/mcmcsimul2.cpp" />
		<Unit filename="mcmc/mcmcsimul2.h" />
		<Unit filename="mcmc/mcmcsimul2_multi.cpp" />
		<Unit filename="mcmc/mcmcsimul2_multi.h" />
		<Unit filename="mcmc/randomeffect.cpp" />
		<Unit filename="mcmc/randomeffect.h" />
		<Unit filename="mcmc/randomeffect_stepwise.cpp" />
		<Unit filename="mcmc/randomeffect_stepwise.h" />
		<Unit filename="mcmc/remlest.cpp" />
		<Unit filename="mcmc/remlest.h" />
		<Unit filename="mcmc/remlest_multi.cpp" />
		<Unit filename="mcmc/remlest_multi.h" />
		<Unit filename="mcmc/remlest_multi2.cpp" />
		<Unit filename="mcmc/remlest_multi2.h" />
		<Unit filename="mcmc/remlest_multi3.cpp" />
		<Unit filename="mcmc/remlest_multi3.h" />
		<Unit filename="mcmc/tvariance.cpp" />
		<Unit filename="mcmc/tvariance.h" />
		<Unit filename="mcmc/tvariance2dim.cpp" />
		<Unit filename="mcmc/tvariance2dim.h" />
		<Unit filename="mcmc/variance_nonp.cpp" />
		<Unit filename="mcmc/variance_nonp.h" />
		<Unit filename="mcmc/variance_nonp_vector.cpp" />
		<Unit filename="mcmc/variance_nonp_vector.h" />
		<Unit filename="mcmc/variance_nonp_vector_nigmix.cpp" />
		<Unit filename="mcmc/variance_nonp_vector_nigmix.h" />
		<Unit filename="psplines/IWLS_pspline.cpp" />
		<Unit filename="psplines/IWLS_pspline.h" />
		<Unit filename="psplines/bsplinemat.cpp" />
		<Unit filename="psplines/bsplinemat.h" />
		<Unit filename="psplines/fullcond_pspline_gaussian.cpp" />
		<Unit filename="psplines/fullcond_pspline_gaussian.h" />
		<Unit filename="psplines/fullcond_pspline_stepwise.cpp" />
		<Unit filename="psplines/fullcond_pspline_stepwise.h" />
		<Unit filename="psplines/fullcond_pspline_surf_gaussian.cpp" />
		<Unit filename="psplines/fullcond_pspline_surf_gaussian.h" />
		<Unit filename="psplines/fullcond_pspline_surf_stepwise.cpp" />
		<Unit filename="psplines/fullcond_pspline_surf_stepwise.h" />
		<Unit filename="psplines/mcmc_pspline.cpp" />
		<Unit filename="psplines/mcmc_pspline.h" />
		<Unit filename="psplines/mcmc_pspline_surf.cpp" />
		<Unit filename="psplines/mcmc_pspline_surf.h" />
		<Unit filename="psplines/spline_basis.cpp" />
		<Unit filename="psplines/spline_basis.h" />
		<Unit filename="psplines/spline_basis_surf.cpp" />
		<Unit filename="psplines/spline_basis_surf.h" />
		<Unit filename="samson/multgaussian.cpp" />
		<Unit filename="samson/multgaussian.h" />
		<Unit filename="structadd/FC.cpp" />
		<Unit filename="structadd/FC.h" />
		<Unit filename="structadd/FC_cv.cpp" />
		<Unit filename="structadd/FC_cv.h" />
		<Unit filename="structadd/FC_hrandom.cpp" />
		<Unit filename="structadd/FC_hrandom.h" />
		<Unit filename="structadd/FC_hrandom_variance.cpp" />
		<Unit filename="structadd/FC_hrandom_variance.h" />
		<Unit filename="structadd/FC_hrandom_variance_vec.cpp" />
		<Unit filename="structadd/FC_hrandom_variance_vec_nmig.cpp" />
		<Unit filename="structadd/FC_hrandom_variance_vec_nmig.h" />
		<Unit filename="structadd/FC_linear.cpp" />
		<Unit filename="structadd/FC_linear.h" />
		<Unit filename="structadd/FC_mult.cpp" />
		<Unit filename="structadd/FC_mult.h" />
		<Unit filename="structadd/FC_nonp.cpp" />
		<Unit filename="structadd/FC_nonp.h" />
		<Unit filename="structadd/FC_nonp_variance.cpp" />
		<Unit filename="structadd/FC_nonp_variance.h" />
		<Unit filename="structadd/FC_nonp_variance_vec.cpp" />
		<Unit filename="structadd/FC_predict.cpp" />
		<Unit filename="structadd/FC_predict.h" />
		<Unit filename="structadd/FC_predict_mult.cpp" />
		<Unit filename="structadd/FC_predict_mult.h" />
		<Unit filename="structadd/FC_predict_predictor.cpp" />
		<Unit filename="structadd/FC_predictive_check.cpp" />
		<Unit filename="structadd/FC_variance_pen_vector.cpp" />
		<Unit filename="structadd/FC_variance_pen_vector.h" />
		<Unit filename="structadd/GENERAL_OPTIONS.cpp" />
		<Unit filename="structadd/GENERAL_OPTIONS.h" />
		<Unit filename="structadd/MASTER_obj.cpp" />
		<Unit filename="structadd/MASTER_obj.h" />
		<Unit filename="structadd/design.cpp" />
		<Unit filename="structadd/design.h" />
		<Unit filename="structadd/design_hrandom.cpp" />
		<Unit filename="structadd/design_hrandom.h" />
		<Unit filename="structadd/design_kriging.cpp" />
		<Unit filename="structadd/design_mrf.cpp" />
		<Unit filename="structadd/design_mrf.h" />
		<Unit filename="structadd/design_pspline.cpp" />
		<Unit filename="structadd/design_pspline.h" />
		<Unit filename="structadd/distr.cpp" />
		<Unit filename="structadd/distr.h" />
		<Unit filename="structadd/distr_categorical.cpp" />
		<Unit filename="structadd/distr_categorical.h" />
		<Unit filename="structadd/distr_categorical_mult.cpp" />
		<Unit filename="structadd/distr_gamlss.cpp" />
		<Unit filename="structadd/distr_gamlss.h" />
		<Unit filename="structadd/distr_gamlss_nadja.cpp" />
		<Unit filename="structadd/distr_gamlss_nadja.h" />
		<Unit filename="structadd/distr_mixture.cpp" />
		<Unit filename="structadd/distr_mixture.h" />
		<Unit filename="structadd/distr_zeroadjusted.cpp" />
		<Unit filename="structadd/mcmcsim.cpp" />
		<Unit filename="structadd/mcmcsim.h" />
		<Unit filename="structadd/model_parameters.cpp" />
		<Unit filename="structadd/model_parameters.h" />
		<Unit filename="structadd/superbayesreg.cpp" />
		<Unit filename="structadd/superbayesreg.h" />
		<Extensions>
			<code_completion />
			<debugger />
			<envvars />
		</Extensions>
	</Project>
</CodeBlocks_project_file>
